
Microsoft Visual Studio Solution File, Format Version 12.00
# Visual Studio Version 17
VisualStudioVersion = 17.7.34031.279
MinimumVisualStudioVersion = 10.0.40219.1
Project("{9A19103F-16F7-4668-BE54-9A1E7A4F7556}") = "server", "CheckersOnlineSPA\server.csproj", "{C5CD2F30-8F67-4A05-9130-064FE82792A3}"
EndProject
Project("{54A90642-561A-4BB1-A94E-469ADEE60C69}") = "client", "client\client.esproj", "{2C9D8E10-D346-4EFF-A7B8-0C2E01A0A560}"
EndProject
Global
	GlobalSection(SolutionConfigurationPlatforms) = preSolution
		Debug|Any CPU = Debug|Any CPU
		Release|Any CPU = Release|Any CPU
	EndGlobalSection
	GlobalSection(ProjectConfigurationPlatforms) = postSolution
		{C5CD2F30-8F67-4A05-9130-064FE82792A3}.Debug|Any CPU.ActiveCfg = Debug|Any CPU
		{C5CD2F30-8F67-4A05-9130-064FE82792A3}.Debug|Any CPU.Build.0 = Debug|Any CPU
		{C5CD2F30-8F67-4A05-9130-064FE82792A3}.Release|Any CPU.ActiveCfg = Release|Any CPU
		{C5CD2F30-8F67-4A05-9130-064FE82792A3}.Release|Any CPU.Build.0 = Release|Any CPU
		{2C9D8E10-D346-4EFF-A7B8-0C2E01A0A560}.Debug|Any CPU.ActiveCfg = Debug|Any CPU
		{2C9D8E10-D346-4EFF-A7B8-0C2E01A0A560}.Debug|Any CPU.Build.0 = Debug|Any CPU
		{2C9D8E10-D346-4EFF-A7B8-0C2E01A0A560}.Debug|Any CPU.Deploy.0 = Debug|Any CPU
		{2C9D8E10-D346-4EFF-A7B8-0C2E01A0A560}.Release|Any CPU.ActiveCfg = Release|Any CPU
		{2C9D8E10-D346-4EFF-A7B8-0C2E01A0A560}.Release|Any CPU.Build.0 = Release|Any CPU
		{2C9D8E10-D346-4EFF-A7B8-0C2E01A0A560}.Release|Any CPU.Deploy.0 = Release|Any CPU
	EndGlobalSection
	GlobalSection(SolutionProperties) = preSolution
		HideSolutionNode = FALSE
	EndGlobalSection
	GlobalSection(ExtensibilityGlobals) = postSolution
		SolutionGuid = {89E8974E-EC80-4619-A20D-B4ABF4757302}
	EndGlobalSection
EndGlobal
